
Microsoft Visual Studio Solution File, Format Version 12.00
# Visual Studio Version 17
VisualStudioVersion = 17.1.32328.378
MinimumVisualStudioVersion = 10.0.40219.1
Project("{FAE04EC0-301F-11D3-BF4B-00C04F79EFBC}") = "netCoreMvcAdo", "netCoreMvcAdo\netCoreMvcAdo.csproj", "{8DE8DCBF-74B0-4036-832A-BF5F1055907C}"
EndProject
Global
	GlobalSection(SolutionConfigurationPlatforms) = preSolution
		Debug|Any CPU = Debug|Any CPU
		Release|Any CPU = Release|Any CPU
	EndGlobalSection
	GlobalSection(ProjectConfigurationPlatforms) = postSolution
		{8DE8DCBF-74B0-4036-832A-BF5F1055907C}.Debug|Any CPU.ActiveCfg = Debug|Any CPU
		{8DE8DCBF-74B0-4036-832A-BF5F1055907C}.Debug|Any CPU.Build.0 = Debug|Any CPU
		{8DE8DCBF-74B0-4036-832A-BF5F1055907C}.Release|Any CPU.ActiveCfg = Release|Any CPU
		{8DE8DCBF-74B0-4036-832A-BF5F1055907C}.Release|Any CPU.Build.0 = Release|Any CPU
	EndGlobalSection
	GlobalSection(SolutionProperties) = preSolution
		HideSolutionNode = FALSE
	EndGlobalSection
	GlobalSection(ExtensibilityGlobals) = postSolution
		SolutionGuid = {D032E306-A82C-4CE9-B05C-575BACE653A5}
	EndGlobalSection
EndGlobal
